
Microsoft Visual Studio Solution File, Format Version 12.00
# Visual Studio Version 17
VisualStudioVersion = 17.0.31903.59
MinimumVisualStudioVersion = 10.0.40219.1
Project("{2150E333-8FDC-42A3-9474-1A3956D46DE8}") = "Solution Items", "Solution Items", "{72B66094-387C-4372-A681-83509AE486AD}"
	ProjectSection(SolutionItems) = preProject
		.gitignore = .gitignore
		LICENSE = LICENSE
		README.md = README.md
	EndProjectSection
EndProject
Project("{9A19103F-16F7-4668-BE54-9A1E7A4F7556}") = "WebAPI", "src\WebAPI\WebAPI.csproj", "{F3F4C138-960E-4C89-AA33-AE9F5E41E194}"
EndProject
Project("{9A19103F-16F7-4668-BE54-9A1E7A4F7556}") = "Application", "src\Application\Application.csproj", "{C613B0B1-9AB2-44A1-9823-563CD3B59EFA}"
EndProject
Project("{9A19103F-16F7-4668-BE54-9A1E7A4F7556}") = "Domain", "src\Domain\Domain.csproj", "{E6CB4842-C681-48DC-9DCE-30E168340088}"
EndProject
Project("{9A19103F-16F7-4668-BE54-9A1E7A4F7556}") = "Infrastructure", "src\Infrastructure\Infrastructure.csproj", "{2382CF83-855C-4B74-8C47-4E1EDFB50849}"
EndProject
Project("{9A19103F-16F7-4668-BE54-9A1E7A4F7556}") = "WebApp", "src\WebApp\WebApp.csproj", "{D54D3464-E11D-4953-9D7B-371EAEF59B7A}"
EndProject
Project("{FAE04EC0-301F-11D3-BF4B-00C04F79EFBC}") = "Domain.Internal", "src\Domain.Internal\Domain.Internal.csproj", "{ADEB78B6-C471-47A0-8729-7BFBEDCA3B54}"
EndProject
Global
	GlobalSection(SolutionConfigurationPlatforms) = preSolution
		Debug|Any CPU = Debug|Any CPU
		Release|Any CPU = Release|Any CPU
	EndGlobalSection
	GlobalSection(ProjectConfigurationPlatforms) = postSolution
		{F3F4C138-960E-4C89-AA33-AE9F5E41E194}.Debug|Any CPU.ActiveCfg = Debug|Any CPU
		{F3F4C138-960E-4C89-AA33-AE9F5E41E194}.Debug|Any CPU.Build.0 = Debug|Any CPU
		{F3F4C138-960E-4C89-AA33-AE9F5E41E194}.Release|Any CPU.ActiveCfg = Release|Any CPU
		{F3F4C138-960E-4C89-AA33-AE9F5E41E194}.Release|Any CPU.Build.0 = Release|Any CPU
		{C613B0B1-9AB2-44A1-9823-563CD3B59EFA}.Debug|Any CPU.ActiveCfg = Debug|Any CPU
		{C613B0B1-9AB2-44A1-9823-563CD3B59EFA}.Debug|Any CPU.Build.0 = Debug|Any CPU
		{C613B0B1-9AB2-44A1-9823-563CD3B59EFA}.Release|Any CPU.ActiveCfg = Release|Any CPU
		{C613B0B1-9AB2-44A1-9823-563CD3B59EFA}.Release|Any CPU.Build.0 = Release|Any CPU
		{E6CB4842-C681-48DC-9DCE-30E168340088}.Debug|Any CPU.ActiveCfg = Debug|Any CPU
		{E6CB4842-C681-48DC-9DCE-30E168340088}.Debug|Any CPU.Build.0 = Debug|Any CPU
		{E6CB4842-C681-48DC-9DCE-30E168340088}.Release|Any CPU.ActiveCfg = Release|Any CPU
		{E6CB4842-C681-48DC-9DCE-30E168340088}.Release|Any CPU.Build.0 = Release|Any CPU
		{2382CF83-855C-4B74-8C47-4E1EDFB50849}.Debug|Any CPU.ActiveCfg = Debug|Any CPU
		{2382CF83-855C-4B74-8C47-4E1EDFB50849}.Debug|Any CPU.Build.0 = Debug|Any CPU
		{2382CF83-855C-4B74-8C47-4E1EDFB50849}.Release|Any CPU.ActiveCfg = Release|Any CPU
		{2382CF83-855C-4B74-8C47-4E1EDFB50849}.Release|Any CPU.Build.0 = Release|Any CPU
		{D54D3464-E11D-4953-9D7B-371EAEF59B7A}.Debug|Any CPU.ActiveCfg = Debug|Any CPU
		{D54D3464-E11D-4953-9D7B-371EAEF59B7A}.Debug|Any CPU.Build.0 = Debug|Any CPU
		{D54D3464-E11D-4953-9D7B-371EAEF59B7A}.Release|Any CPU.ActiveCfg = Release|Any CPU
		{D54D3464-E11D-4953-9D7B-371EAEF59B7A}.Release|Any CPU.Build.0 = Release|Any CPU
		{ADEB78B6-C471-47A0-8729-7BFBEDCA3B54}.Debug|Any CPU.ActiveCfg = Debug|Any CPU
		{ADEB78B6-C471-47A0-8729-7BFBEDCA3B54}.Debug|Any CPU.Build.0 = Debug|Any CPU
		{ADEB78B6-C471-47A0-8729-7BFBEDCA3B54}.Release|Any CPU.ActiveCfg = Release|Any CPU
		{ADEB78B6-C471-47A0-8729-7BFBEDCA3B54}.Release|Any CPU.Build.0 = Release|Any CPU
	EndGlobalSection
	GlobalSection(SolutionProperties) = preSolution
		HideSolutionNode = FALSE
	EndGlobalSection
	GlobalSection(ExtensibilityGlobals) = postSolution
		SolutionGuid = {A0A9B94C-59C6-4B3A-8894-D9CBF720C549}
	EndGlobalSection
EndGlobal
